
Microsoft Visual Studio Solution File, Format Version 12.00
# TcXaeShell Solution File, Format Version 11.00
VisualStudioVersion = 17.10.35827.194
MinimumVisualStudioVersion = 10.0.40219.1
Project("{B1E792BE-AA5F-4E3C-8C82-674BF9C0715B}") = "ComissioningExample", "ComissioningExample.tsproj", "{6F0C89C1-76FD-455E-9940-8CA812B616EE}"
EndProject
Project("{FE7A1B72-C5B7-4D7C-BB7D-76384D4DE8E1}") = "HMI_DualDriveMotion", "HMI_DualDriveMotion\HMI_DualDriveMotion.hmiproj", "{C96EC594-D37A-4745-863B-0E8C2732B105}"
EndProject
Global
	GlobalSection(SolutionConfigurationPlatforms) = preSolution
		Debug|TwinCAT HMI = Debug|TwinCAT HMI
		Debug|TwinCAT OS (ARMV7-A) = Debug|TwinCAT OS (ARMV7-A)
		Debug|TwinCAT OS (ARMV7-M) = Debug|TwinCAT OS (ARMV7-M)
		Debug|TwinCAT OS (ARMV8-A) = Debug|TwinCAT OS (ARMV8-A)
		Debug|TwinCAT OS (x64) = Debug|TwinCAT OS (x64)
		Debug|TwinCAT OS (x64-E) = Debug|TwinCAT OS (x64-E)
		Debug|TwinCAT RT (x64) = Debug|TwinCAT RT (x64)
		Debug|TwinCAT RT (x86) = Debug|TwinCAT RT (x86)
		Release|TwinCAT HMI = Release|TwinCAT HMI
		Release|TwinCAT OS (ARMV7-A) = Release|TwinCAT OS (ARMV7-A)
		Release|TwinCAT OS (ARMV7-M) = Release|TwinCAT OS (ARMV7-M)
		Release|TwinCAT OS (ARMV8-A) = Release|TwinCAT OS (ARMV8-A)
		Release|TwinCAT OS (x64) = Release|TwinCAT OS (x64)
		Release|TwinCAT OS (x64-E) = Release|TwinCAT OS (x64-E)
		Release|TwinCAT RT (x64) = Release|TwinCAT RT (x64)
		Release|TwinCAT RT (x86) = Release|TwinCAT RT (x86)
	EndGlobalSection
	GlobalSection(ProjectConfigurationPlatforms) = postSolution
		{6F0C89C1-76FD-455E-9940-8CA812B616EE}.Debug|TwinCAT HMI.ActiveCfg = Debug|TwinCAT RT (x86)
		{6F0C89C1-76FD-455E-9940-8CA812B616EE}.Debug|TwinCAT HMI.Build.0 = Debug|TwinCAT RT (x86)
		{6F0C89C1-76FD-455E-9940-8CA812B616EE}.Debug|TwinCAT OS (ARMV7-A).ActiveCfg = Debug|TwinCAT OS (ARMV7-A)
		{6F0C89C1-76FD-455E-9940-8CA812B616EE}.Debug|TwinCAT OS (ARMV7-A).Build.0 = Debug|TwinCAT OS (ARMV7-A)
		{6F0C89C1-76FD-455E-9940-8CA812B616EE}.Debug|TwinCAT OS (ARMV7-M).ActiveCfg = Debug|TwinCAT OS (ARMV7-M)
		{6F0C89C1-76FD-455E-9940-8CA812B616EE}.Debug|TwinCAT OS (ARMV7-M).Build.0 = Debug|TwinCAT OS (ARMV7-M)
		{6F0C89C1-76FD-455E-9940-8CA812B616EE}.Debug|TwinCAT OS (ARMV8-A).ActiveCfg = Debug|TwinCAT OS (ARMV8-A)
		{6F0C89C1-76FD-455E-9940-8CA812B616EE}.Debug|TwinCAT OS (ARMV8-A).Build.0 = Debug|TwinCAT OS (ARMV8-A)
		{6F0C89C1-76FD-455E-9940-8CA812B616EE}.Debug|TwinCAT OS (x64).ActiveCfg = Debug|TwinCAT OS (x64)
		{6F0C89C1-76FD-455E-9940-8CA812B616EE}.Debug|TwinCAT OS (x64).Build.0 = Debug|TwinCAT OS (x64)
		{6F0C89C1-76FD-455E-9940-8CA812B616EE}.Debug|TwinCAT OS (x64-E).ActiveCfg = Debug|TwinCAT OS (x64-E)
		{6F0C89C1-76FD-455E-9940-8CA812B616EE}.Debug|TwinCAT OS (x64-E).Build.0 = Debug|TwinCAT OS (x64-E)
		{6F0C89C1-76FD-455E-9940-8CA812B616EE}.Debug|TwinCAT RT (x64).ActiveCfg = Debug|TwinCAT RT (x64)
		{6F0C89C1-76FD-455E-9940-8CA812B616EE}.Debug|TwinCAT RT (x64).Build.0 = Debug|TwinCAT RT (x64)
		{6F0C89C1-76FD-455E-9940-8CA812B616EE}.Debug|TwinCAT RT (x86).ActiveCfg = Debug|TwinCAT RT (x86)
		{6F0C89C1-76FD-455E-9940-8CA812B616EE}.Debug|TwinCAT RT (x86).Build.0 = Debug|TwinCAT RT (x86)
		{6F0C89C1-76FD-455E-9940-8CA812B616EE}.Release|TwinCAT HMI.ActiveCfg = Release|TwinCAT RT (x86)
		{6F0C89C1-76FD-455E-9940-8CA812B616EE}.Release|TwinCAT HMI.Build.0 = Release|TwinCAT RT (x86)
		{6F0C89C1-76FD-455E-9940-8CA812B616EE}.Release|TwinCAT OS (ARMV7-A).ActiveCfg = Release|TwinCAT OS (ARMV7-A)
		{6F0C89C1-76FD-455E-9940-8CA812B616EE}.Release|TwinCAT OS (ARMV7-A).Build.0 = Release|TwinCAT OS (ARMV7-A)
		{6F0C89C1-76FD-455E-9940-8CA812B616EE}.Release|TwinCAT OS (ARMV7-M).ActiveCfg = Release|TwinCAT OS (ARMV7-M)
		{6F0C89C1-76FD-455E-9940-8CA812B616EE}.Release|TwinCAT OS (ARMV7-M).Build.0 = Release|TwinCAT OS (ARMV7-M)
		{6F0C89C1-76FD-455E-9940-8CA812B616EE}.Release|TwinCAT OS (ARMV8-A).ActiveCfg = Release|TwinCAT OS (ARMV8-A)
		{6F0C89C1-76FD-455E-9940-8CA812B616EE}.Release|TwinCAT OS (ARMV8-A).Build.0 = Release|TwinCAT OS (ARMV8-A)
		{6F0C89C1-76FD-455E-9940-8CA812B616EE}.Release|TwinCAT OS (x64).ActiveCfg = Release|TwinCAT OS (x64)
		{6F0C89C1-76FD-455E-9940-8CA812B616EE}.Release|TwinCAT OS (x64).Build.0 = Release|TwinCAT OS (x64)
		{6F0C89C1-76FD-455E-9940-8CA812B616EE}.Release|TwinCAT OS (x64-E).ActiveCfg = Release|TwinCAT OS (x64-E)
		{6F0C89C1-76FD-455E-9940-8CA812B616EE}.Release|TwinCAT OS (x64-E).Build.0 = Release|TwinCAT OS (x64-E)
		{6F0C89C1-76FD-455E-9940-8CA812B616EE}.Release|TwinCAT RT (x64).ActiveCfg = Release|TwinCAT RT (x64)
		{6F0C89C1-76FD-455E-9940-8CA812B616EE}.Release|TwinCAT RT (x64).Build.0 = Release|TwinCAT RT (x64)
		{6F0C89C1-76FD-455E-9940-8CA812B616EE}.Release|TwinCAT RT (x86).ActiveCfg = Release|TwinCAT RT (x86)
		{6F0C89C1-76FD-455E-9940-8CA812B616EE}.Release|TwinCAT RT (x86).Build.0 = Release|TwinCAT RT (x86)
		{C96EC594-D37A-4745-863B-0E8C2732B105}.Debug|TwinCAT HMI.ActiveCfg = Debug|TwinCAT HMI
		{C96EC594-D37A-4745-863B-0E8C2732B105}.Debug|TwinCAT HMI.Build.0 = Debug|TwinCAT HMI
		{C96EC594-D37A-4745-863B-0E8C2732B105}.Debug|TwinCAT OS (ARMV7-A).ActiveCfg = Debug|TwinCAT HMI
		{C96EC594-D37A-4745-863B-0E8C2732B105}.Debug|TwinCAT OS (ARMV7-A).Build.0 = Debug|TwinCAT HMI
		{C96EC594-D37A-4745-863B-0E8C2732B105}.Debug|TwinCAT OS (ARMV7-M).ActiveCfg = Debug|TwinCAT HMI
		{C96EC594-D37A-4745-863B-0E8C2732B105}.Debug|TwinCAT OS (ARMV7-M).Build.0 = Debug|TwinCAT HMI
		{C96EC594-D37A-4745-863B-0E8C2732B105}.Debug|TwinCAT OS (ARMV8-A).ActiveCfg = Debug|TwinCAT HMI
		{C96EC594-D37A-4745-863B-0E8C2732B105}.Debug|TwinCAT OS (ARMV8-A).Build.0 = Debug|TwinCAT HMI
		{C96EC594-D37A-4745-863B-0E8C2732B105}.Debug|TwinCAT OS (x64).ActiveCfg = Debug|TwinCAT HMI
		{C96EC594-D37A-4745-863B-0E8C2732B105}.Debug|TwinCAT OS (x64).Build.0 = Debug|TwinCAT HMI
		{C96EC594-D37A-4745-863B-0E8C2732B105}.Debug|TwinCAT OS (x64-E).ActiveCfg = Debug|TwinCAT HMI
		{C96EC594-D37A-4745-863B-0E8C2732B105}.Debug|TwinCAT OS (x64-E).Build.0 = Debug|TwinCAT HMI
		{C96EC594-D37A-4745-863B-0E8C2732B105}.Debug|TwinCAT RT (x64).ActiveCfg = Debug|TwinCAT HMI
		{C96EC594-D37A-4745-863B-0E8C2732B105}.Debug|TwinCAT RT (x64).Build.0 = Debug|TwinCAT HMI
		{C96EC594-D37A-4745-863B-0E8C2732B105}.Debug|TwinCAT RT (x86).ActiveCfg = Debug|TwinCAT HMI
		{C96EC594-D37A-4745-863B-0E8C2732B105}.Debug|TwinCAT RT (x86).Build.0 = Debug|TwinCAT HMI
		{C96EC594-D37A-4745-863B-0E8C2732B105}.Release|TwinCAT HMI.ActiveCfg = Release|TwinCAT HMI
		{C96EC594-D37A-4745-863B-0E8C2732B105}.Release|TwinCAT HMI.Build.0 = Release|TwinCAT HMI
		{C96EC594-D37A-4745-863B-0E8C2732B105}.Release|TwinCAT OS (ARMV7-A).ActiveCfg = Release|TwinCAT HMI
		{C96EC594-D37A-4745-863B-0E8C2732B105}.Release|TwinCAT OS (ARMV7-A).Build.0 = Release|TwinCAT HMI
		{C96EC594-D37A-4745-863B-0E8C2732B105}.Release|TwinCAT OS (ARMV7-M).ActiveCfg = Release|TwinCAT HMI
		{C96EC594-D37A-4745-863B-0E8C2732B105}.Release|TwinCAT OS (ARMV7-M).Build.0 = Release|TwinCAT HMI
		{C96EC594-D37A-4745-863B-0E8C2732B105}.Release|TwinCAT OS (ARMV8-A).ActiveCfg = Release|TwinCAT HMI
		{C96EC594-D37A-4745-863B-0E8C2732B105}.Release|TwinCAT OS (ARMV8-A).Build.0 = Release|TwinCAT HMI
		{C96EC594-D37A-4745-863B-0E8C2732B105}.Release|TwinCAT OS (x64).ActiveCfg = Release|TwinCAT HMI
		{C96EC594-D37A-4745-863B-0E8C2732B105}.Release|TwinCAT OS (x64).Build.0 = Release|TwinCAT HMI
		{C96EC594-D37A-4745-863B-0E8C2732B105}.Release|TwinCAT OS (x64-E).ActiveCfg = Release|TwinCAT HMI
		{C96EC594-D37A-4745-863B-0E8C2732B105}.Release|TwinCAT OS (x64-E).Build.0 = Release|TwinCAT HMI
		{C96EC594-D37A-4745-863B-0E8C2732B105}.Release|TwinCAT RT (x64).ActiveCfg = Release|TwinCAT HMI
		{C96EC594-D37A-4745-863B-0E8C2732B105}.Release|TwinCAT RT (x64).Build.0 = Release|TwinCAT HMI
		{C96EC594-D37A-4745-863B-0E8C2732B105}.Release|TwinCAT RT (x86).ActiveCfg = Release|TwinCAT HMI
		{C96EC594-D37A-4745-863B-0E8C2732B105}.Release|TwinCAT RT (x86).Build.0 = Release|TwinCAT HMI
		{4C201099-F870-48DF-B3D2-3E717F6DC4AB}.Debug|TwinCAT HMI.ActiveCfg = Debug|TwinCAT RT (x86)
		{4C201099-F870-48DF-B3D2-3E717F6DC4AB}.Debug|TwinCAT HMI.Build.0 = Debug|TwinCAT RT (x86)
		{4C201099-F870-48DF-B3D2-3E717F6DC4AB}.Debug|TwinCAT OS (ARMV7-A).ActiveCfg = Debug|TwinCAT OS (ARMV7-A)
		{4C201099-F870-48DF-B3D2-3E717F6DC4AB}.Debug|TwinCAT OS (ARMV7-A).Build.0 = Debug|TwinCAT OS (ARMV7-A)
		{4C201099-F870-48DF-B3D2-3E717F6DC4AB}.Debug|TwinCAT OS (ARMV7-M).ActiveCfg = Debug|TwinCAT OS (ARMV7-M)
		{4C201099-F870-48DF-B3D2-3E717F6DC4AB}.Debug|TwinCAT OS (ARMV7-M).Build.0 = Debug|TwinCAT OS (ARMV7-M)
		{4C201099-F870-48DF-B3D2-3E717F6DC4AB}.Debug|TwinCAT OS (ARMV8-A).ActiveCfg = Debug|TwinCAT OS (ARMV8-A)
		{4C201099-F870-48DF-B3D2-3E717F6DC4AB}.Debug|TwinCAT OS (ARMV8-A).Build.0 = Debug|TwinCAT OS (ARMV8-A)
		{4C201099-F870-48DF-B3D2-3E717F6DC4AB}.Debug|TwinCAT OS (x64).ActiveCfg = Debug|TwinCAT OS (x64)
		{4C201099-F870-48DF-B3D2-3E717F6DC4AB}.Debug|TwinCAT OS (x64).Build.0 = Debug|TwinCAT OS (x64)
		{4C201099-F870-48DF-B3D2-3E717F6DC4AB}.Debug|TwinCAT OS (x64-E).ActiveCfg = Debug|TwinCAT OS (x64-E)
		{4C201099-F870-48DF-B3D2-3E717F6DC4AB}.Debug|TwinCAT OS (x64-E).Build.0 = Debug|TwinCAT OS (x64-E)
		{4C201099-F870-48DF-B3D2-3E717F6DC4AB}.Debug|TwinCAT RT (x64).ActiveCfg = Debug|TwinCAT RT (x64)
		{4C201099-F870-48DF-B3D2-3E717F6DC4AB}.Debug|TwinCAT RT (x64).Build.0 = Debug|TwinCAT RT (x64)
		{4C201099-F870-48DF-B3D2-3E717F6DC4AB}.Debug|TwinCAT RT (x86).ActiveCfg = Debug|TwinCAT RT (x86)
		{4C201099-F870-48DF-B3D2-3E717F6DC4AB}.Debug|TwinCAT RT (x86).Build.0 = Debug|TwinCAT RT (x86)
		{4C201099-F870-48DF-B3D2-3E717F6DC4AB}.Release|TwinCAT HMI.ActiveCfg = Release|TwinCAT RT (x86)
		{4C201099-F870-48DF-B3D2-3E717F6DC4AB}.Release|TwinCAT HMI.Build.0 = Release|TwinCAT RT (x86)
		{4C201099-F870-48DF-B3D2-3E717F6DC4AB}.Release|TwinCAT OS (ARMV7-A).ActiveCfg = Release|TwinCAT OS (ARMV7-A)
		{4C201099-F870-48DF-B3D2-3E717F6DC4AB}.Release|TwinCAT OS (ARMV7-A).Build.0 = Release|TwinCAT OS (ARMV7-A)
		{4C201099-F870-48DF-B3D2-3E717F6DC4AB}.Release|TwinCAT OS (ARMV7-M).ActiveCfg = Release|TwinCAT OS (ARMV7-M)
		{4C201099-F870-48DF-B3D2-3E717F6DC4AB}.Release|TwinCAT OS (ARMV7-M).Build.0 = Release|TwinCAT OS (ARMV7-M)
		{4C201099-F870-48DF-B3D2-3E717F6DC4AB}.Release|TwinCAT OS (ARMV8-A).ActiveCfg = Release|TwinCAT OS (ARMV8-A)
		{4C201099-F870-48DF-B3D2-3E717F6DC4AB}.Release|TwinCAT OS (ARMV8-A).Build.0 = Release|TwinCAT OS (ARMV8-A)
		{4C201099-F870-48DF-B3D2-3E717F6DC4AB}.Release|TwinCAT OS (x64).ActiveCfg = Release|TwinCAT OS (x64)
		{4C201099-F870-48DF-B3D2-3E717F6DC4AB}.Release|TwinCAT OS (x64).Build.0 = Release|TwinCAT OS (x64)
		{4C201099-F870-48DF-B3D2-3E717F6DC4AB}.Release|TwinCAT OS (x64-E).ActiveCfg = Release|TwinCAT OS (x64-E)
		{4C201099-F870-48DF-B3D2-3E717F6DC4AB}.Release|TwinCAT OS (x64-E).Build.0 = Release|TwinCAT OS (x64-E)
		{4C201099-F870-48DF-B3D2-3E717F6DC4AB}.Release|TwinCAT RT (x64).ActiveCfg = Release|TwinCAT RT (x64)
		{4C201099-F870-48DF-B3D2-3E717F6DC4AB}.Release|TwinCAT RT (x64).Build.0 = Release|TwinCAT RT (x64)
		{4C201099-F870-48DF-B3D2-3E717F6DC4AB}.Release|TwinCAT RT (x86).ActiveCfg = Release|TwinCAT RT (x86)
		{4C201099-F870-48DF-B3D2-3E717F6DC4AB}.Release|TwinCAT RT (x86).Build.0 = Release|TwinCAT RT (x86)
	EndGlobalSection
	GlobalSection(SolutionProperties) = preSolution
		HideSolutionNode = FALSE
	EndGlobalSection
	GlobalSection(ExtensibilityGlobals) = postSolution
		SolutionGuid = {EBC4EE7C-443F-49E9-8114-B3652CFD6F72}
	EndGlobalSection
EndGlobal
